
Microsoft Visual Studio Solution File, Format Version 12.00
# Visual Studio Version 16
VisualStudioVersion = 16.0.31727.386
MinimumVisualStudioVersion = 10.0.40219.1
Project("{FAE04EC0-301F-11D3-BF4B-00C04F79EFBC}") = "Week05", "Week05.csproj", "{A2D344D3-FB43-4435-8DDD-3AFDA2930B4E}"
EndProject
Global
	GlobalSection(SolutionConfigurationPlatforms) = preSolution
		Debug|Any CPU = Debug|Any CPU
		Release|Any CPU = Release|Any CPU
	EndGlobalSection
	GlobalSection(ProjectConfigurationPlatforms) = postSolution
		{A2D344D3-FB43-4435-8DDD-3AFDA2930B4E}.Debug|Any CPU.ActiveCfg = Debug|Any CPU
		{A2D344D3-FB43-4435-8DDD-3AFDA2930B4E}.Debug|Any CPU.Build.0 = Debug|Any CPU
		{A2D344D3-FB43-4435-8DDD-3AFDA2930B4E}.Release|Any CPU.ActiveCfg = Release|Any CPU
		{A2D344D3-FB43-4435-8DDD-3AFDA2930B4E}.Release|Any CPU.Build.0 = Release|Any CPU
	EndGlobalSection
	GlobalSection(SolutionProperties) = preSolution
		HideSolutionNode = FALSE
	EndGlobalSection
	GlobalSection(ExtensibilityGlobals) = postSolution
		SolutionGuid = {354ADE28-D49F-4097-820A-A711E660BB49}
	EndGlobalSection
EndGlobal
